
Microsoft Visual Studio Solution File, Format Version 12.00
# Visual Studio Version 16
VisualStudioVersion = 16.0.30413.136
MinimumVisualStudioVersion = 10.0.40219.1
Project("{FAE04EC0-301F-11D3-BF4B-00C04F79EFBC}") = "FormElements", "FormElements.csproj", "{69F7C918-3972-4AEA-9B6F-B5666D0F881A}"
EndProject
Global
	GlobalSection(SolutionConfigurationPlatforms) = preSolution
		Debug|Any CPU = Debug|Any CPU
		Release|Any CPU = Release|Any CPU
	EndGlobalSection
	GlobalSection(ProjectConfigurationPlatforms) = postSolution
		{69F7C918-3972-4AEA-9B6F-B5666D0F881A}.Debug|Any CPU.ActiveCfg = Debug|Any CPU
		{69F7C918-3972-4AEA-9B6F-B5666D0F881A}.Debug|Any CPU.Build.0 = Debug|Any CPU
		{69F7C918-3972-4AEA-9B6F-B5666D0F881A}.Release|Any CPU.ActiveCfg = Release|Any CPU
		{69F7C918-3972-4AEA-9B6F-B5666D0F881A}.Release|Any CPU.Build.0 = Release|Any CPU
	EndGlobalSection
	GlobalSection(SolutionProperties) = preSolution
		HideSolutionNode = FALSE
	EndGlobalSection
	GlobalSection(ExtensibilityGlobals) = postSolution
		SolutionGuid = {6726FA40-1406-4E0F-981D-A9623DE7E825}
	EndGlobalSection
EndGlobal
